
Microsoft Visual Studio Solution File, Format Version 12.00
# Visual Studio Version 17
VisualStudioVersion = 17.0.31903.59
MinimumVisualStudioVersion = 10.0.40219.1
Project("{FAE04EC0-301F-11D3-BF4B-00C04F79EFBC}") = "SafariDigital.Core", "SafariDigital.Core\SafariDigital.Core.csproj", "{CCCD5BC5-B14D-4254-A9C0-EA1F3A347459}"
EndProject
Project("{FAE04EC0-301F-11D3-BF4B-00C04F79EFBC}") = "SafariDigital.Api", "SafariDigital.Api\SafariDigital.Api.csproj", "{6535D808-8036-4D83-BC9E-8F2884BB34A6}"
EndProject
Project("{FAE04EC0-301F-11D3-BF4B-00C04F79EFBC}") = "SafariDigital.Data", "SafariDigital.Data\SafariDigital.Data.csproj", "{9809C5EB-EFF3-4548-BC0E-4D934BFEB71E}"
EndProject
Project("{FAE04EC0-301F-11D3-BF4B-00C04F79EFBC}") = "SafariDigital.Services", "SafariDigital.Services\SafariDigital.Services.csproj", "{B14CBE87-2F59-4210-B85B-A9AAA823764E}"
EndProject
Project("{FAE04EC0-301F-11D3-BF4B-00C04F79EFBC}") = "Tests", "Tests\Tests.csproj", "{AA5B5738-B4D2-497F-B366-88B1F3D30EBE}"
EndProject
Project("{FAE04EC0-301F-11D3-BF4B-00C04F79EFBC}") = "Digital.Lib.NetAuthentication", "Digital.Lib\Digital.Lib.Net.Authentication\Digital.Lib.Net.Authentication.csproj", "{44E4E498-8078-47B9-9DB7-71DE9133C6F6}"
EndProject
Project("{FAE04EC0-301F-11D3-BF4B-00C04F79EFBC}") = "Digital.Lib.NetAuthentication.Test", "Digital.Lib\Digital.Lib.Net.Authentication.Test\Digital.Lib.Net.Authentication.Test.csproj", "{A217E435-406E-4780-AC25-D444AAE79638}"
EndProject
Project("{FAE04EC0-301F-11D3-BF4B-00C04F79EFBC}") = "Digital.Lib.NetCore", "Digital.Lib\Digital.Lib.Net.Core\Digital.Lib.Net.Core.csproj", "{7D92E993-7ECE-4E6A-9C0B-28ABC43EE8C9}"
EndProject
Project("{FAE04EC0-301F-11D3-BF4B-00C04F79EFBC}") = "Digital.Lib.NetCore.Test", "Digital.Lib\Digital.Lib.Net.Core.Test\Digital.Lib.Net.Core.Test.csproj", "{3B9D484A-CA78-429C-A9B0-C23336F8DB36}"
EndProject
Project("{FAE04EC0-301F-11D3-BF4B-00C04F79EFBC}") = "Digital.Lib.NetDatabase", "Digital.Lib\Digital.Lib.Net.Database\Digital.Lib.Net.Database.csproj", "{C0E5CFA5-D080-45A4-B870-8695B0F0A4C9}"
EndProject
Project("{FAE04EC0-301F-11D3-BF4B-00C04F79EFBC}") = "Digital.Lib.NetDatabase.Test", "Digital.Lib\Digital.Lib.Net.Database.Test\Digital.Lib.Net.Database.Test.csproj", "{F0016239-0B11-4B47-826E-00CEB8260651}"
EndProject
Project("{FAE04EC0-301F-11D3-BF4B-00C04F79EFBC}") = "Digital.Lib.NetEntities", "Digital.Lib\Digital.Lib.Net.Entities\Digital.Lib.Net.Entities.csproj", "{C6A1008C-6BF1-4388-94D5-BF2D4FF8BB93}"
EndProject
Project("{FAE04EC0-301F-11D3-BF4B-00C04F79EFBC}") = "Digital.Lib.NetEntities.Test", "Digital.Lib\Digital.Lib.Net.Entities.Test\Digital.Lib.Net.Entities.Test.csproj", "{AB220169-96E3-40AC-82C4-A7E607B022BC}"
EndProject
Project("{FAE04EC0-301F-11D3-BF4B-00C04F79EFBC}") = "Digital.Lib.NetHttp", "Digital.Lib\Digital.Lib.Net.Http\Digital.Lib.Net.Http.csproj", "{C49ED102-9107-4A51-8C8A-2637D30EF23C}"
EndProject
Project("{FAE04EC0-301F-11D3-BF4B-00C04F79EFBC}") = "Digital.Lib.NetHttp.Test", "Digital.Lib\Digital.Lib.Net.Http.Test\Digital.Lib.Net.Http.Test.csproj", "{C929F899-A054-498F-ACBB-136976D60592}"
EndProject
Project("{FAE04EC0-301F-11D3-BF4B-00C04F79EFBC}") = "Digital.Lib.NetMvc", "Digital.Lib\Digital.Lib.Net.Mvc\Digital.Lib.Net.Mvc.csproj", "{FCE860CE-14B9-41AE-91B1-B0EBD21D7DAC}"
EndProject
Project("{FAE04EC0-301F-11D3-BF4B-00C04F79EFBC}") = "Digital.Lib.NetMvc.Test", "Digital.Lib\Digital.Lib.Net.Mvc.Test\Digital.Lib.Net.Mvc.Test.csproj", "{C0F3E08F-40D5-43BB-B814-77099E8CAE54}"
EndProject
Project("{FAE04EC0-301F-11D3-BF4B-00C04F79EFBC}") = "Digital.Lib.NetTestTools", "Digital.Lib\Digital.Lib.Net.TestTools\Digital.Lib.Net.TestTools.csproj", "{B06F5A0A-BB94-4D2A-B369-8ACA31E99FD7}"
EndProject
Project("{FAE04EC0-301F-11D3-BF4B-00C04F79EFBC}") = "InternalTestProgram", "Digital.Lib\InternalTestProgram\InternalTestProgram.csproj", "{12483578-6F9A-4C9D-BBCF-5A4463A20A1E}"
EndProject
Global
	GlobalSection(SolutionConfigurationPlatforms) = preSolution
		Debug|Any CPU = Debug|Any CPU
		Release|Any CPU = Release|Any CPU
	EndGlobalSection
	GlobalSection(SolutionProperties) = preSolution
		HideSolutionNode = FALSE
	EndGlobalSection
	GlobalSection(ProjectConfigurationPlatforms) = postSolution
		{CCCD5BC5-B14D-4254-A9C0-EA1F3A347459}.Debug|Any CPU.ActiveCfg = Debug|Any CPU
		{CCCD5BC5-B14D-4254-A9C0-EA1F3A347459}.Debug|Any CPU.Build.0 = Debug|Any CPU
		{CCCD5BC5-B14D-4254-A9C0-EA1F3A347459}.Release|Any CPU.ActiveCfg = Release|Any CPU
		{CCCD5BC5-B14D-4254-A9C0-EA1F3A347459}.Release|Any CPU.Build.0 = Release|Any CPU
		{6535D808-8036-4D83-BC9E-8F2884BB34A6}.Debug|Any CPU.ActiveCfg = Debug|Any CPU
		{6535D808-8036-4D83-BC9E-8F2884BB34A6}.Debug|Any CPU.Build.0 = Debug|Any CPU
		{6535D808-8036-4D83-BC9E-8F2884BB34A6}.Release|Any CPU.ActiveCfg = Release|Any CPU
		{6535D808-8036-4D83-BC9E-8F2884BB34A6}.Release|Any CPU.Build.0 = Release|Any CPU
		{9809C5EB-EFF3-4548-BC0E-4D934BFEB71E}.Debug|Any CPU.ActiveCfg = Debug|Any CPU
		{9809C5EB-EFF3-4548-BC0E-4D934BFEB71E}.Debug|Any CPU.Build.0 = Debug|Any CPU
		{9809C5EB-EFF3-4548-BC0E-4D934BFEB71E}.Release|Any CPU.ActiveCfg = Release|Any CPU
		{9809C5EB-EFF3-4548-BC0E-4D934BFEB71E}.Release|Any CPU.Build.0 = Release|Any CPU
		{B14CBE87-2F59-4210-B85B-A9AAA823764E}.Debug|Any CPU.ActiveCfg = Debug|Any CPU
		{B14CBE87-2F59-4210-B85B-A9AAA823764E}.Debug|Any CPU.Build.0 = Debug|Any CPU
		{B14CBE87-2F59-4210-B85B-A9AAA823764E}.Release|Any CPU.ActiveCfg = Release|Any CPU
		{B14CBE87-2F59-4210-B85B-A9AAA823764E}.Release|Any CPU.Build.0 = Release|Any CPU
		{AA5B5738-B4D2-497F-B366-88B1F3D30EBE}.Debug|Any CPU.ActiveCfg = Debug|Any CPU
		{AA5B5738-B4D2-497F-B366-88B1F3D30EBE}.Debug|Any CPU.Build.0 = Debug|Any CPU
		{AA5B5738-B4D2-497F-B366-88B1F3D30EBE}.Release|Any CPU.ActiveCfg = Release|Any CPU
		{AA5B5738-B4D2-497F-B366-88B1F3D30EBE}.Release|Any CPU.Build.0 = Release|Any CPU
		{44E4E498-8078-47B9-9DB7-71DE9133C6F6}.Debug|Any CPU.ActiveCfg = Debug|Any CPU
		{44E4E498-8078-47B9-9DB7-71DE9133C6F6}.Debug|Any CPU.Build.0 = Debug|Any CPU
		{44E4E498-8078-47B9-9DB7-71DE9133C6F6}.Release|Any CPU.ActiveCfg = Release|Any CPU
		{44E4E498-8078-47B9-9DB7-71DE9133C6F6}.Release|Any CPU.Build.0 = Release|Any CPU
		{A217E435-406E-4780-AC25-D444AAE79638}.Debug|Any CPU.ActiveCfg = Debug|Any CPU
		{A217E435-406E-4780-AC25-D444AAE79638}.Debug|Any CPU.Build.0 = Debug|Any CPU
		{A217E435-406E-4780-AC25-D444AAE79638}.Release|Any CPU.ActiveCfg = Release|Any CPU
		{A217E435-406E-4780-AC25-D444AAE79638}.Release|Any CPU.Build.0 = Release|Any CPU
		{7D92E993-7ECE-4E6A-9C0B-28ABC43EE8C9}.Debug|Any CPU.ActiveCfg = Debug|Any CPU
		{7D92E993-7ECE-4E6A-9C0B-28ABC43EE8C9}.Debug|Any CPU.Build.0 = Debug|Any CPU
		{7D92E993-7ECE-4E6A-9C0B-28ABC43EE8C9}.Release|Any CPU.ActiveCfg = Release|Any CPU
		{7D92E993-7ECE-4E6A-9C0B-28ABC43EE8C9}.Release|Any CPU.Build.0 = Release|Any CPU
		{3B9D484A-CA78-429C-A9B0-C23336F8DB36}.Debug|Any CPU.ActiveCfg = Debug|Any CPU
		{3B9D484A-CA78-429C-A9B0-C23336F8DB36}.Debug|Any CPU.Build.0 = Debug|Any CPU
		{3B9D484A-CA78-429C-A9B0-C23336F8DB36}.Release|Any CPU.ActiveCfg = Release|Any CPU
		{3B9D484A-CA78-429C-A9B0-C23336F8DB36}.Release|Any CPU.Build.0 = Release|Any CPU
		{C0E5CFA5-D080-45A4-B870-8695B0F0A4C9}.Debug|Any CPU.ActiveCfg = Debug|Any CPU
		{C0E5CFA5-D080-45A4-B870-8695B0F0A4C9}.Debug|Any CPU.Build.0 = Debug|Any CPU
		{C0E5CFA5-D080-45A4-B870-8695B0F0A4C9}.Release|Any CPU.ActiveCfg = Release|Any CPU
		{C0E5CFA5-D080-45A4-B870-8695B0F0A4C9}.Release|Any CPU.Build.0 = Release|Any CPU
		{F0016239-0B11-4B47-826E-00CEB8260651}.Debug|Any CPU.ActiveCfg = Debug|Any CPU
		{F0016239-0B11-4B47-826E-00CEB8260651}.Debug|Any CPU.Build.0 = Debug|Any CPU
		{F0016239-0B11-4B47-826E-00CEB8260651}.Release|Any CPU.ActiveCfg = Release|Any CPU
		{F0016239-0B11-4B47-826E-00CEB8260651}.Release|Any CPU.Build.0 = Release|Any CPU
		{C6A1008C-6BF1-4388-94D5-BF2D4FF8BB93}.Debug|Any CPU.ActiveCfg = Debug|Any CPU
		{C6A1008C-6BF1-4388-94D5-BF2D4FF8BB93}.Debug|Any CPU.Build.0 = Debug|Any CPU
		{C6A1008C-6BF1-4388-94D5-BF2D4FF8BB93}.Release|Any CPU.ActiveCfg = Release|Any CPU
		{C6A1008C-6BF1-4388-94D5-BF2D4FF8BB93}.Release|Any CPU.Build.0 = Release|Any CPU
		{AB220169-96E3-40AC-82C4-A7E607B022BC}.Debug|Any CPU.ActiveCfg = Debug|Any CPU
		{AB220169-96E3-40AC-82C4-A7E607B022BC}.Debug|Any CPU.Build.0 = Debug|Any CPU
		{AB220169-96E3-40AC-82C4-A7E607B022BC}.Release|Any CPU.ActiveCfg = Release|Any CPU
		{AB220169-96E3-40AC-82C4-A7E607B022BC}.Release|Any CPU.Build.0 = Release|Any CPU
		{C49ED102-9107-4A51-8C8A-2637D30EF23C}.Debug|Any CPU.ActiveCfg = Debug|Any CPU
		{C49ED102-9107-4A51-8C8A-2637D30EF23C}.Debug|Any CPU.Build.0 = Debug|Any CPU
		{C49ED102-9107-4A51-8C8A-2637D30EF23C}.Release|Any CPU.ActiveCfg = Release|Any CPU
		{C49ED102-9107-4A51-8C8A-2637D30EF23C}.Release|Any CPU.Build.0 = Release|Any CPU
		{C929F899-A054-498F-ACBB-136976D60592}.Debug|Any CPU.ActiveCfg = Debug|Any CPU
		{C929F899-A054-498F-ACBB-136976D60592}.Debug|Any CPU.Build.0 = Debug|Any CPU
		{C929F899-A054-498F-ACBB-136976D60592}.Release|Any CPU.ActiveCfg = Release|Any CPU
		{C929F899-A054-498F-ACBB-136976D60592}.Release|Any CPU.Build.0 = Release|Any CPU
		{FCE860CE-14B9-41AE-91B1-B0EBD21D7DAC}.Debug|Any CPU.ActiveCfg = Debug|Any CPU
		{FCE860CE-14B9-41AE-91B1-B0EBD21D7DAC}.Debug|Any CPU.Build.0 = Debug|Any CPU
		{FCE860CE-14B9-41AE-91B1-B0EBD21D7DAC}.Release|Any CPU.ActiveCfg = Release|Any CPU
		{FCE860CE-14B9-41AE-91B1-B0EBD21D7DAC}.Release|Any CPU.Build.0 = Release|Any CPU
		{B06F5A0A-BB94-4D2A-B369-8ACA31E99FD7}.Debug|Any CPU.ActiveCfg = Debug|Any CPU
		{B06F5A0A-BB94-4D2A-B369-8ACA31E99FD7}.Debug|Any CPU.Build.0 = Debug|Any CPU
		{B06F5A0A-BB94-4D2A-B369-8ACA31E99FD7}.Release|Any CPU.ActiveCfg = Release|Any CPU
		{B06F5A0A-BB94-4D2A-B369-8ACA31E99FD7}.Release|Any CPU.Build.0 = Release|Any CPU
		{12483578-6F9A-4C9D-BBCF-5A4463A20A1E}.Debug|Any CPU.ActiveCfg = Debug|Any CPU
		{12483578-6F9A-4C9D-BBCF-5A4463A20A1E}.Debug|Any CPU.Build.0 = Debug|Any CPU
		{12483578-6F9A-4C9D-BBCF-5A4463A20A1E}.Release|Any CPU.ActiveCfg = Release|Any CPU
		{12483578-6F9A-4C9D-BBCF-5A4463A20A1E}.Release|Any CPU.Build.0 = Release|Any CPU
		{C0F3E08F-40D5-43BB-B814-77099E8CAE54}.Debug|Any CPU.ActiveCfg = Debug|Any CPU
		{C0F3E08F-40D5-43BB-B814-77099E8CAE54}.Debug|Any CPU.Build.0 = Debug|Any CPU
		{C0F3E08F-40D5-43BB-B814-77099E8CAE54}.Release|Any CPU.ActiveCfg = Release|Any CPU
		{C0F3E08F-40D5-43BB-B814-77099E8CAE54}.Release|Any CPU.Build.0 = Release|Any CPU
	EndGlobalSection
EndGlobal
