
Microsoft Visual Studio Solution File, Format Version 12.00
# Visual Studio Version 17
VisualStudioVersion = 17.0.31903.59
MinimumVisualStudioVersion = 10.0.40219.1
Project("{FAE04EC0-301F-11D3-BF4B-00C04F79EFBC}") = "Digital.Lib.NetAuthentication", "Digital.Lib\Digital.Lib.Net.Authentication\Digital.Lib.Net.Authentication.csproj", "{44E4E498-8078-47B9-9DB7-71DE9133C6F6}"
EndProject
Project("{FAE04EC0-301F-11D3-BF4B-00C04F79EFBC}") = "Digital.Lib.NetAuthentication.Test", "Digital.Lib\Digital.Lib.Net.Authentication.Test\Digital.Lib.Net.Authentication.Test.csproj", "{A217E435-406E-4780-AC25-D444AAE79638}"
EndProject
Project("{FAE04EC0-301F-11D3-BF4B-00C04F79EFBC}") = "Digital.Lib.NetCore", "Digital.Lib\Digital.Lib.Net.Core\Digital.Lib.Net.Core.csproj", "{7D92E993-7ECE-4E6A-9C0B-28ABC43EE8C9}"
EndProject
Project("{FAE04EC0-301F-11D3-BF4B-00C04F79EFBC}") = "Digital.Lib.NetCore.Test", "Digital.Lib\Digital.Lib.Net.Core.Test\Digital.Lib.Net.Core.Test.csproj", "{3B9D484A-CA78-429C-A9B0-C23336F8DB36}"
EndProject
Project("{FAE04EC0-301F-11D3-BF4B-00C04F79EFBC}") = "Digital.Lib.NetEntities", "Digital.Lib\Digital.Lib.Net.Entities\Digital.Lib.Net.Entities.csproj", "{C6A1008C-6BF1-4388-94D5-BF2D4FF8BB93}"
EndProject
Project("{FAE04EC0-301F-11D3-BF4B-00C04F79EFBC}") = "Digital.Lib.NetEntities.Test", "Digital.Lib\Digital.Lib.Net.Entities.Test\Digital.Lib.Net.Entities.Test.csproj", "{AB220169-96E3-40AC-82C4-A7E607B022BC}"
EndProject
Project("{FAE04EC0-301F-11D3-BF4B-00C04F79EFBC}") = "Digital.Lib.NetHttp", "Digital.Lib\Digital.Lib.Net.Http\Digital.Lib.Net.Http.csproj", "{C49ED102-9107-4A51-8C8A-2637D30EF23C}"
EndProject
Project("{FAE04EC0-301F-11D3-BF4B-00C04F79EFBC}") = "Digital.Lib.NetHttp.Test", "Digital.Lib\Digital.Lib.Net.Http.Test\Digital.Lib.Net.Http.Test.csproj", "{C929F899-A054-498F-ACBB-136976D60592}"
EndProject
Project("{FAE04EC0-301F-11D3-BF4B-00C04F79EFBC}") = "Digital.Lib.NetMvc", "Digital.Lib\Digital.Lib.Net.Mvc\Digital.Lib.Net.Mvc.csproj", "{FCE860CE-14B9-41AE-91B1-B0EBD21D7DAC}"
EndProject
Project("{FAE04EC0-301F-11D3-BF4B-00C04F79EFBC}") = "Digital.Lib.NetMvc.Test", "Digital.Lib\Digital.Lib.Net.Mvc.Test\Digital.Lib.Net.Mvc.Test.csproj", "{C0F3E08F-40D5-43BB-B814-77099E8CAE54}"
EndProject
Project("{FAE04EC0-301F-11D3-BF4B-00C04F79EFBC}") = "Digital.Lib.NetTestTools", "Digital.Lib\Digital.Lib.Net.TestTools\Digital.Lib.Net.TestTools.csproj", "{B06F5A0A-BB94-4D2A-B369-8ACA31E99FD7}"
EndProject
Project("{FAE04EC0-301F-11D3-BF4B-00C04F79EFBC}") = "Digital.Core.Api", "Digital.Core.Api\Digital.Core.Api.csproj", "{1A629680-BFC6-428D-92A9-10BC80C4AD17}"
EndProject
Project("{FAE04EC0-301F-11D3-BF4B-00C04F79EFBC}") = "Digital.Lib.Net.Events", "Digital.Lib\Digital.Lib.Net.Events\Digital.Lib.Net.Events.csproj", "{FB07D151-00B7-46A3-A8DD-2B270F27AA84}"
EndProject
Project("{FAE04EC0-301F-11D3-BF4B-00C04F79EFBC}") = "Digital.Core.Api.Test", "Digital.Core.Api.Test\Digital.Core.Api.Test.csproj", "{5715ECC7-10CE-4CC0-A2DF-EE71ECDAF4E1}"
EndProject
Project("{FAE04EC0-301F-11D3-BF4B-00C04F79EFBC}") = "Digital.Lib.Net.Sdk", "Digital.Lib\Digital.Lib.Net.Sdk\Digital.Lib.Net.Sdk.csproj", "{167F4915-B65E-4CA6-863D-EA9DD8A28962}"
EndProject
Project("{FAE04EC0-301F-11D3-BF4B-00C04F79EFBC}") = "Digital.Lib.Net.Files", "Digital.Lib\Digital.Lib.Net.Files\Digital.Lib.Net.Files.csproj", "{F18DD987-2AAE-4038-BCDB-81C96F22B6CE}"
EndProject
Global
	GlobalSection(SolutionConfigurationPlatforms) = preSolution
		Debug|Any CPU = Debug|Any CPU
		Release|Any CPU = Release|Any CPU
	EndGlobalSection
	GlobalSection(SolutionProperties) = preSolution
		HideSolutionNode = FALSE
	EndGlobalSection
	GlobalSection(ProjectConfigurationPlatforms) = postSolution
		{6535D808-8036-4D83-BC9E-8F2884BB34A6}.Debug|Any CPU.ActiveCfg = Debug|Any CPU
		{6535D808-8036-4D83-BC9E-8F2884BB34A6}.Debug|Any CPU.Build.0 = Debug|Any CPU
		{6535D808-8036-4D83-BC9E-8F2884BB34A6}.Release|Any CPU.ActiveCfg = Release|Any CPU
		{6535D808-8036-4D83-BC9E-8F2884BB34A6}.Release|Any CPU.Build.0 = Release|Any CPU
		{AA5B5738-B4D2-497F-B366-88B1F3D30EBE}.Debug|Any CPU.ActiveCfg = Debug|Any CPU
		{AA5B5738-B4D2-497F-B366-88B1F3D30EBE}.Debug|Any CPU.Build.0 = Debug|Any CPU
		{AA5B5738-B4D2-497F-B366-88B1F3D30EBE}.Release|Any CPU.ActiveCfg = Release|Any CPU
		{AA5B5738-B4D2-497F-B366-88B1F3D30EBE}.Release|Any CPU.Build.0 = Release|Any CPU
		{44E4E498-8078-47B9-9DB7-71DE9133C6F6}.Debug|Any CPU.ActiveCfg = Debug|Any CPU
		{44E4E498-8078-47B9-9DB7-71DE9133C6F6}.Debug|Any CPU.Build.0 = Debug|Any CPU
		{44E4E498-8078-47B9-9DB7-71DE9133C6F6}.Release|Any CPU.ActiveCfg = Release|Any CPU
		{44E4E498-8078-47B9-9DB7-71DE9133C6F6}.Release|Any CPU.Build.0 = Release|Any CPU
		{A217E435-406E-4780-AC25-D444AAE79638}.Debug|Any CPU.ActiveCfg = Debug|Any CPU
		{A217E435-406E-4780-AC25-D444AAE79638}.Debug|Any CPU.Build.0 = Debug|Any CPU
		{A217E435-406E-4780-AC25-D444AAE79638}.Release|Any CPU.ActiveCfg = Release|Any CPU
		{A217E435-406E-4780-AC25-D444AAE79638}.Release|Any CPU.Build.0 = Release|Any CPU
		{7D92E993-7ECE-4E6A-9C0B-28ABC43EE8C9}.Debug|Any CPU.ActiveCfg = Debug|Any CPU
		{7D92E993-7ECE-4E6A-9C0B-28ABC43EE8C9}.Debug|Any CPU.Build.0 = Debug|Any CPU
		{7D92E993-7ECE-4E6A-9C0B-28ABC43EE8C9}.Release|Any CPU.ActiveCfg = Release|Any CPU
		{7D92E993-7ECE-4E6A-9C0B-28ABC43EE8C9}.Release|Any CPU.Build.0 = Release|Any CPU
		{3B9D484A-CA78-429C-A9B0-C23336F8DB36}.Debug|Any CPU.ActiveCfg = Debug|Any CPU
		{3B9D484A-CA78-429C-A9B0-C23336F8DB36}.Debug|Any CPU.Build.0 = Debug|Any CPU
		{3B9D484A-CA78-429C-A9B0-C23336F8DB36}.Release|Any CPU.ActiveCfg = Release|Any CPU
		{3B9D484A-CA78-429C-A9B0-C23336F8DB36}.Release|Any CPU.Build.0 = Release|Any CPU
		{C6A1008C-6BF1-4388-94D5-BF2D4FF8BB93}.Debug|Any CPU.ActiveCfg = Debug|Any CPU
		{C6A1008C-6BF1-4388-94D5-BF2D4FF8BB93}.Debug|Any CPU.Build.0 = Debug|Any CPU
		{C6A1008C-6BF1-4388-94D5-BF2D4FF8BB93}.Release|Any CPU.ActiveCfg = Release|Any CPU
		{C6A1008C-6BF1-4388-94D5-BF2D4FF8BB93}.Release|Any CPU.Build.0 = Release|Any CPU
		{AB220169-96E3-40AC-82C4-A7E607B022BC}.Debug|Any CPU.ActiveCfg = Debug|Any CPU
		{AB220169-96E3-40AC-82C4-A7E607B022BC}.Debug|Any CPU.Build.0 = Debug|Any CPU
		{AB220169-96E3-40AC-82C4-A7E607B022BC}.Release|Any CPU.ActiveCfg = Release|Any CPU
		{AB220169-96E3-40AC-82C4-A7E607B022BC}.Release|Any CPU.Build.0 = Release|Any CPU
		{C49ED102-9107-4A51-8C8A-2637D30EF23C}.Debug|Any CPU.ActiveCfg = Debug|Any CPU
		{C49ED102-9107-4A51-8C8A-2637D30EF23C}.Debug|Any CPU.Build.0 = Debug|Any CPU
		{C49ED102-9107-4A51-8C8A-2637D30EF23C}.Release|Any CPU.ActiveCfg = Release|Any CPU
		{C49ED102-9107-4A51-8C8A-2637D30EF23C}.Release|Any CPU.Build.0 = Release|Any CPU
		{C929F899-A054-498F-ACBB-136976D60592}.Debug|Any CPU.ActiveCfg = Debug|Any CPU
		{C929F899-A054-498F-ACBB-136976D60592}.Debug|Any CPU.Build.0 = Debug|Any CPU
		{C929F899-A054-498F-ACBB-136976D60592}.Release|Any CPU.ActiveCfg = Release|Any CPU
		{C929F899-A054-498F-ACBB-136976D60592}.Release|Any CPU.Build.0 = Release|Any CPU
		{FCE860CE-14B9-41AE-91B1-B0EBD21D7DAC}.Debug|Any CPU.ActiveCfg = Debug|Any CPU
		{FCE860CE-14B9-41AE-91B1-B0EBD21D7DAC}.Debug|Any CPU.Build.0 = Debug|Any CPU
		{FCE860CE-14B9-41AE-91B1-B0EBD21D7DAC}.Release|Any CPU.ActiveCfg = Release|Any CPU
		{FCE860CE-14B9-41AE-91B1-B0EBD21D7DAC}.Release|Any CPU.Build.0 = Release|Any CPU
		{B06F5A0A-BB94-4D2A-B369-8ACA31E99FD7}.Debug|Any CPU.ActiveCfg = Debug|Any CPU
		{B06F5A0A-BB94-4D2A-B369-8ACA31E99FD7}.Debug|Any CPU.Build.0 = Debug|Any CPU
		{B06F5A0A-BB94-4D2A-B369-8ACA31E99FD7}.Release|Any CPU.ActiveCfg = Release|Any CPU
		{B06F5A0A-BB94-4D2A-B369-8ACA31E99FD7}.Release|Any CPU.Build.0 = Release|Any CPU
		{C0F3E08F-40D5-43BB-B814-77099E8CAE54}.Debug|Any CPU.ActiveCfg = Debug|Any CPU
		{C0F3E08F-40D5-43BB-B814-77099E8CAE54}.Debug|Any CPU.Build.0 = Debug|Any CPU
		{C0F3E08F-40D5-43BB-B814-77099E8CAE54}.Release|Any CPU.ActiveCfg = Release|Any CPU
		{C0F3E08F-40D5-43BB-B814-77099E8CAE54}.Release|Any CPU.Build.0 = Release|Any CPU
		{1A629680-BFC6-428D-92A9-10BC80C4AD17}.Debug|Any CPU.ActiveCfg = Debug|Any CPU
		{1A629680-BFC6-428D-92A9-10BC80C4AD17}.Debug|Any CPU.Build.0 = Debug|Any CPU
		{1A629680-BFC6-428D-92A9-10BC80C4AD17}.Release|Any CPU.ActiveCfg = Release|Any CPU
		{1A629680-BFC6-428D-92A9-10BC80C4AD17}.Release|Any CPU.Build.0 = Release|Any CPU
		{FB07D151-00B7-46A3-A8DD-2B270F27AA84}.Debug|Any CPU.ActiveCfg = Debug|Any CPU
		{FB07D151-00B7-46A3-A8DD-2B270F27AA84}.Debug|Any CPU.Build.0 = Debug|Any CPU
		{FB07D151-00B7-46A3-A8DD-2B270F27AA84}.Release|Any CPU.ActiveCfg = Release|Any CPU
		{FB07D151-00B7-46A3-A8DD-2B270F27AA84}.Release|Any CPU.Build.0 = Release|Any CPU
		{5715ECC7-10CE-4CC0-A2DF-EE71ECDAF4E1}.Debug|Any CPU.ActiveCfg = Debug|Any CPU
		{5715ECC7-10CE-4CC0-A2DF-EE71ECDAF4E1}.Debug|Any CPU.Build.0 = Debug|Any CPU
		{5715ECC7-10CE-4CC0-A2DF-EE71ECDAF4E1}.Release|Any CPU.ActiveCfg = Release|Any CPU
		{5715ECC7-10CE-4CC0-A2DF-EE71ECDAF4E1}.Release|Any CPU.Build.0 = Release|Any CPU
		{A3642B1F-7D9F-4E7E-8E5B-4D61BDB71296}.Debug|Any CPU.ActiveCfg = Debug|Any CPU
		{A3642B1F-7D9F-4E7E-8E5B-4D61BDB71296}.Debug|Any CPU.Build.0 = Debug|Any CPU
		{A3642B1F-7D9F-4E7E-8E5B-4D61BDB71296}.Release|Any CPU.ActiveCfg = Release|Any CPU
		{A3642B1F-7D9F-4E7E-8E5B-4D61BDB71296}.Release|Any CPU.Build.0 = Release|Any CPU
		{167F4915-B65E-4CA6-863D-EA9DD8A28962}.Debug|Any CPU.ActiveCfg = Debug|Any CPU
		{167F4915-B65E-4CA6-863D-EA9DD8A28962}.Debug|Any CPU.Build.0 = Debug|Any CPU
		{167F4915-B65E-4CA6-863D-EA9DD8A28962}.Release|Any CPU.ActiveCfg = Release|Any CPU
		{167F4915-B65E-4CA6-863D-EA9DD8A28962}.Release|Any CPU.Build.0 = Release|Any CPU
		{F18DD987-2AAE-4038-BCDB-81C96F22B6CE}.Debug|Any CPU.ActiveCfg = Debug|Any CPU
		{F18DD987-2AAE-4038-BCDB-81C96F22B6CE}.Debug|Any CPU.Build.0 = Debug|Any CPU
		{F18DD987-2AAE-4038-BCDB-81C96F22B6CE}.Release|Any CPU.ActiveCfg = Release|Any CPU
		{F18DD987-2AAE-4038-BCDB-81C96F22B6CE}.Release|Any CPU.Build.0 = Release|Any CPU
	EndGlobalSection
EndGlobal
